// !$*UTF8*$!
{
	archiveVersion = 1;
	classes = {
	};
	objectVersion = 55;
	objects = {

/* Begin PBXBuildFile section */
		043558562B341BCF00ADD105 /* AppDelegate.swift in Sources */ = {isa = PBXBuildFile; fileRef = 043558552B341BCF00ADD105 /* AppDelegate.swift */; };
		043558582B341BCF00ADD105 /* SceneDelegate.swift in Sources */ = {isa = PBXBuildFile; fileRef = 043558572B341BCF00ADD105 /* SceneDelegate.swift */; };
		0435585A2B341BCF00ADD105 /* ViewController.swift in Sources */ = {isa = PBXBuildFile; fileRef = 043558592B341BCF00ADD105 /* ViewController.swift */; };
		0435585D2B341BCF00ADD105 /* Main.storyboard in Resources */ = {isa = PBXBuildFile; fileRef = 0435585B2B341BCF00ADD105 /* Main.storyboard */; };
		0435585F2B341BD200ADD105 /* Assets.xcassets in Resources */ = {isa = PBXBuildFile; fileRef = 0435585E2B341BD200ADD105 /* Assets.xcassets */; };
		043558622B341BD200ADD105 /* LaunchScreen.storyboard in Resources */ = {isa = PBXBuildFile; fileRef = 043558602B341BD200ADD105 /* LaunchScreen.storyboard */; };
		0435586A2B342D5200ADD105 /* Post.swift in Sources */ = {isa = PBXBuildFile; fileRef = 043558692B342D5200ADD105 /* Post.swift */; };
		0435586D2B342DAD00ADD105 /* CustomTableViewCell.swift in Sources */ = {isa = PBXBuildFile; fileRef = 0435586B2B342DAD00ADD105 /* CustomTableViewCell.swift */; };
		0435586E2B342DAD00ADD105 /* CustomTableViewCell.xib in Resources */ = {isa = PBXBuildFile; fileRef = 0435586C2B342DAD00ADD105 /* CustomTableViewCell.xib */; };
/* End PBXBuildFile section */

/* Begin PBXFileReference section */
		043558522B341BCF00ADD105 /* DataFetchingFromApiToTableView-3.app */ = {isa = PBXFileReference; explicitFileType = wrapper.application; includeInIndex = 0; path = "DataFetchingFromApiToTableView-3.app"; sourceTree = BUILT_PRODUCTS_DIR; };
		043558552B341BCF00ADD105 /* AppDelegate.swift */ = {isa = PBXFileReference; lastKnownFileType = sourcecode.swift; path = AppDelegate.swift; sourceTree = "<group>"; };
		043558572B341BCF00ADD105 /* SceneDelegate.swift */ = {isa = PBXFileReference; lastKnownFileType = sourcecode.swift; path = SceneDelegate.swift; sourceTree = "<group>"; };
		043558592B341BCF00ADD105 /* ViewController.swift */ = {isa = PBXFileReference; lastKnownFileType = sourcecode.swift; path = ViewController.swift; sourceTree = "<group>"; };
		0435585C2B341BCF00ADD105 /* Base */ = {isa = PBXFileReference; lastKnownFileType = file.storyboard; name = Base; path = Base.lproj/Main.storyboard; sourceTree = "<group>"; };
		0435585E2B341BD200ADD105 /* Assets.xcassets */ = {isa = PBXFileReference; lastKnownFileType = folder.assetcatalog; path = Assets.xcassets; sourceTree = "<group>"; };
		043558612B341BD200ADD105 /* Base */ = {isa = PBXFileReference; lastKnownFileType = file.storyboard; name = Base; path = Base.lproj/LaunchScreen.storyboard; sourceTree = "<group>"; };
		043558632B341BD200ADD105 /* Info.plist */ = {isa = PBXFileReference; lastKnownFileType = text.plist.xml; path = Info.plist; sourceTree = "<group>"; };
		043558692B342D5200ADD105 /* Post.swift */ = {isa = PBXFileReference; lastKnownFileType = sourcecode.swift; path = Post.swift; sourceTree = "<group>"; };
		0435586B2B342DAD00ADD105 /* CustomTableViewCell.swift */ = {isa = PBXFileReference; lastKnownFileType = sourcecode.swift; path = CustomTableViewCell.swift; sourceTree = "<group>"; };
		0435586C2B342DAD00ADD105 /* CustomTableViewCell.xib */ = {isa = PBXFileReference; lastKnownFileType = file.xib; path = CustomTableViewCell.xib; sourceTree = "<group>"; };
/* End PBXFileReference section */

/* Begin PBXFrameworksBuildPhase section */
		0435584F2B341BCF00ADD105 /* Frameworks */ = {
			isa = PBXFrameworksBuildPhase;
			buildActionMask = 2147483647;
			files = (
			);
			runOnlyForDeploymentPostprocessing = 0;
		};
/* End PBXFrameworksBuildPhase section */

/* Begin PBXGroup section */
		043558492B341BCF00ADD105 = {
			isa = PBXGroup;
			children = (
				043558542B341BCF00ADD105 /* DataFetchingFromApiToTableView-3 */,
				043558532B341BCF00ADD105 /* Products */,
			);
			sourceTree = "<group>";
		};
		043558532B341BCF00ADD105 /* Products */ = {
			isa = PBXGroup;
			children = (
				043558522B341BCF00ADD105 /* DataFetchingFromApiToTableView-3.app */,
			);
			name = Products;
			sourceTree = "<group>";
		};
		043558542B341BCF00ADD105 /* DataFetchingFromApiToTableView-3 */ = {
			isa = PBXGroup;
			children = (
				043558552B341BCF00ADD105 /* AppDelegate.swift */,
				043558572B341BCF00ADD105 /* SceneDelegate.swift */,
				043558592B341BCF00ADD105 /* ViewController.swift */,
				0435585B2B341BCF00ADD105 /* Main.storyboard */,
				0435585E2B341BD200ADD105 /* Assets.xcassets */,
				043558602B341BD200ADD105 /* LaunchScreen.storyboard */,
				043558632B341BD200ADD105 /* Info.plist */,
				043558692B342D5200ADD105 /* Post.swift */,
				0435586B2B342DAD00ADD105 /* CustomTableViewCell.swift */,
				0435586C2B342DAD00ADD105 /* CustomTableViewCell.xib */,
			);
			path = "DataFetchingFromApiToTableView-3";
			sourceTree = "<group>";
		};
/* End PBXGroup section */

/* Begin PBXNativeTarget section */
		043558512B341BCF00ADD105 /* DataFetchingFromApiToTableView-3 */ = {
			isa = PBXNativeTarget;
			buildConfigurationList = 043558662B341BD200ADD105 /* Build configuration list for PBXNativeTarget "DataFetchingFromApiToTableView-3" */;
			buildPhases = (
				0435584E2B341BCF00ADD105 /* Sources */,
				0435584F2B341BCF00ADD105 /* Frameworks */,
				043558502B341BCF00ADD105 /* Resources */,
			);
			buildRules = (
			);
			dependencies = (
			);
			name = "DataFetchingFromApiToTableView-3";
			productName = "DataFetchingFromApiToTableView-3";
			productReference = 043558522B341BCF00ADD105 /* DataFetchingFromApiToTableView-3.app */;
			productType = "com.apple.product-type.application";
		};
/* End PBXNativeTarget section */

/* Begin PBXProject section */
		0435584A2B341BCF00ADD105 /* Project object */ = {
			isa = PBXProject;
			attributes = {
				BuildIndependentTargetsInParallel = 1;
				LastSwiftUpdateCheck = 1340;
				LastUpgradeCheck = 1340;
				TargetAttributes = {
					043558512B341BCF00ADD105 = {
						CreatedOnToolsVersion = 13.4.1;
					};
				};
			};
			buildConfigurationList = 0435584D2B341BCF00ADD105 /* Build configuration list for PBXProject "DataFetchingFromApiToTableView-3" */;
			compatibilityVersion = "Xcode 13.0";
			developmentRegion = en;
			hasScannedForEncodings = 0;
			knownRegions = (
				en,
				Base,
			);
			mainGroup = 043558492B341BCF00ADD105;
			productRefGroup = 043558532B341BCF00ADD105 /* Products */;
			projectDirPath = "";
			projectRoot = "";
			targets = (
				043558512B341BCF00ADD105 /* DataFetchingFromApiToTableView-3 */,
			);
		};
/* End PBXProject section */

/* Begin PBXResourcesBuildPhase section */
		043558502B341BCF00ADD105 /* Resources */ = {
			isa = PBXResourcesBuildPhase;
			buildActionMask = 2147483647;
			files = (
				043558622B341BD200ADD105 /* LaunchScreen.storyboard in Resources */,
				0435585F2B341BD200ADD105 /* Assets.xcassets in Resources */,
				0435586E2B342DAD00ADD105 /* CustomTableViewCell.xib in Resources */,
				0435585D2B341BCF00ADD105 /* Main.storyboard in Resources */,
			);
			runOnlyForDeploymentPostprocessing = 0;
		};
/* End PBXResourcesBuildPhase section */

/* Begin PBXSourcesBuildPhase section */
		0435584E2B341BCF00ADD105 /* Sources */ = {
			isa = PBXSourcesBuildPhase;
			buildActionMask = 2147483647;
			files = (
				0435585A2B341BCF00ADD105 /* ViewController.swift in Sources */,
				0435586D2B342DAD00ADD105 /* CustomTableViewCell.swift in Sources */,
				043558562B341BCF00ADD105 /* AppDelegate.swift in Sources */,
				043558582B341BCF00ADD105 /* SceneDelegate.swift in Sources */,
				0435586A2B342D5200ADD105 /* Post.swift in Sources */,
			);
			runOnlyForDeploymentPostprocessing = 0;
		};
/* End PBXSourcesBuildPhase section */

/* Begin PBXVariantGroup section */
		0435585B2B341BCF00ADD105 /* Main.storyboard */ = {
			isa = PBXVariantGroup;
			children = (
				0435585C2B341BCF00ADD105 /* Base */,
			);
			name = Main.storyboard;
			sourceTree = "<group>";
		};
		043558602B341BD200ADD105 /* LaunchScreen.storyboard */ = {
			isa = PBXVariantGroup;
			children = (
				043558612B341BD200ADD105 /* Base */,
			);
			name = LaunchScreen.storyboard;
			sourceTree = "<group>";
		};
/* End PBXVariantGroup section */

/* Begin XCBuildConfiguration section */
		043558642B341BD200ADD105 /* Debug */ = {
			isa = XCBuildConfiguration;
			buildSettings = {
				ALWAYS_SEARCH_USER_PATHS = NO;
				CLANG_ANALYZER_NONNULL = YES;
				CLANG_ANALYZER_NUMBER_OBJECT_CONVERSION = YES_AGGRESSIVE;
				CLANG_CXX_LANGUAGE_STANDARD = "gnu++17";
				CLANG_ENABLE_MODULES = YES;
				CLANG_ENABLE_OBJC_ARC = YES;
				CLANG_ENABLE_OBJC_WEAK = YES;
				CLANG_WARN_BLOCK_CAPTURE_AUTORELEASING = YES;
				CLANG_WARN_BOOL_CONVERSION = YES;
				CLANG_WARN_COMMA = YES;
				CLANG_WARN_CONSTANT_CONVERSION = YES;
				CLANG_WARN_DEPRECATED_OBJC_IMPLEMENTATIONS = YES;
				CLANG_WARN_DIRECT_OBJC_ISA_USAGE = YES_ERROR;
				CLANG_WARN_DOCUMENTATION_COMMENTS = YES;
				CLANG_WARN_EMPTY_BODY = YES;
				CLANG_WARN_ENUM_CONVERSION = YES;
				CLANG_WARN_INFINITE_RECURSION = YES;
				CLANG_WARN_INT_CONVERSION = YES;
				CLANG_WARN_NON_LITERAL_NULL_CONVERSION = YES;
				CLANG_WARN_OBJC_IMPLICIT_RETAIN_SELF = YES;
				CLANG_WARN_OBJC_LITERAL_CONVERSION = YES;
				CLANG_WARN_OBJC_ROOT_CLASS = YES_ERROR;
				CLANG_WARN_QUOTED_INCLUDE_IN_FRAMEWORK_HEADER = YES;
				CLANG_WARN_RANGE_LOOP_ANALYSIS = YES;
				CLANG_WARN_STRICT_PROTOTYPES = YES;
				CLANG_WARN_SUSPICIOUS_MOVE = YES;
				CLANG_WARN_UNGUARDED_AVAILABILITY = YES_AGGRESSIVE;
				CLANG_WARN_UNREACHABLE_CODE = YES;
				CLANG_WARN__DUPLICATE_METHOD_MATCH = YES;
				COPY_PHASE_STRIP = NO;
				DEBUG_INFORMATION_FORMAT = dwarf;
				ENABLE_STRICT_OBJC_MSGSEND = YES;
				ENABLE_TESTABILITY = YES;
				GCC_C_LANGUAGE_STANDARD = gnu11;
				GCC_DYNAMIC_NO_PIC = NO;
				GCC_NO_COMMON_BLOCKS = YES;
				GCC_OPTIMIZATION_LEVEL = 0;
				GCC_PREPROCESSOR_DEFINITIONS = (
					"DEBUG=1",
					"$(inherited)",
				);
				GCC_WARN_64_TO_32_BIT_CONVERSION = YES;
				GCC_WARN_ABOUT_RETURN_TYPE = YES_ERROR;
				GCC_WARN_UNDECLARED_SELECTOR = YES;
				GCC_WARN_UNINITIALIZED_AUTOS = YES_AGGRESSIVE;
				GCC_WARN_UNUSED_FUNCTION = YES;
				GCC_WARN_UNUSED_VARIABLE = YES;
				IPHONEOS_DEPLOYMENT_TARGET = 15.5;
				MTL_ENABLE_DEBUG_INFO = INCLUDE_SOURCE;
				MTL_FAST_MATH = YES;
				ONLY_ACTIVE_ARCH = YES;
				SDKROOT = iphoneos;
				SWIFT_ACTIVE_COMPILATION_CONDITIONS = DEBUG;
				SWIFT_OPTIMIZATION_LEVEL = "-Onone";
			};
			name = Debug;
		};
		043558652B341BD200ADD105 /* Release */ = {
			isa = XCBuildConfiguration;
			buildSettings = {
				ALWAYS_SEARCH_USER_PATHS = NO;
				CLANG_ANALYZER_NONNULL = YES;
				CLANG_ANALYZER_NUMBER_OBJECT_CONVERSION = YES_AGGRESSIVE;
				CLANG_CXX_LANGUAGE_STANDARD = "gnu++17";
				CLANG_ENABLE_MODULES = YES;
				CLANG_ENABLE_OBJC_ARC = YES;
				CLANG_ENABLE_OBJC_WEAK = YES;
				CLANG_WARN_BLOCK_CAPTURE_AUTORELEASING = YES;
				CLANG_WARN_BOOL_CONVERSION = YES;
				CLANG_WARN_COMMA = YES;
				CLANG_WARN_CONSTANT_CONVERSION = YES;
				CLANG_WARN_DEPRECATED_OBJC_IMPLEMENTATIONS = YES;
				CLANG_WARN_DIRECT_OBJC_ISA_USAGE = YES_ERROR;
				CLANG_WARN_DOCUMENTATION_COMMENTS = YES;
				CLANG_WARN_EMPTY_BODY = YES;
				CLANG_WARN_ENUM_CONVERSION = YES;
				CLANG_WARN_INFINITE_RECURSION = YES;
				CLANG_WARN_INT_CONVERSION = YES;
				CLANG_WARN_NON_LITERAL_NULL_CONVERSION = YES;
				CLANG_WARN_OBJC_IMPLICIT_RETAIN_SELF = YES;
				CLANG_WARN_OBJC_LITERAL_CONVERSION = YES;
				CLANG_WARN_OBJC_ROOT_CLASS = YES_ERROR;
				CLANG_WARN_QUOTED_INCLUDE_IN_FRAMEWORK_HEADER = YES;
				CLANG_WARN_RANGE_LOOP_ANALYSIS = YES;
				CLANG_WARN_STRICT_PROTOTYPES = YES;
				CLANG_WARN_SUSPICIOUS_MOVE = YES;
				CLANG_WARN_UNGUARDED_AVAILABILITY = YES_AGGRESSIVE;
				CLANG_WARN_UNREACHABLE_CODE = YES;
				CLANG_WARN__DUPLICATE_METHOD_MATCH = YES;
				COPY_PHASE_STRIP = NO;
				DEBUG_INFORMATION_FORMAT = "dwarf-with-dsym";
				ENABLE_NS_ASSERTIONS = NO;
				ENABLE_STRICT_OBJC_MSGSEND = YES;
				GCC_C_LANGUAGE_STANDARD = gnu11;
				GCC_NO_COMMON_BLOCKS = YES;
				GCC_WARN_64_TO_32_BIT_CONVERSION = YES;
				GCC_WARN_ABOUT_RETURN_TYPE = YES_ERROR;
				GCC_WARN_UNDECLARED_SELECTOR = YES;
				GCC_WARN_UNINITIALIZED_AUTOS = YES_AGGRESSIVE;
				GCC_WARN_UNUSED_FUNCTION = YES;
				GCC_WARN_UNUSED_VARIABLE = YES;
				IPHONEOS_DEPLOYMENT_TARGET = 15.5;
				MTL_ENABLE_DEBUG_INFO = NO;
				MTL_FAST_MATH = YES;
				SDKROOT = iphoneos;
				SWIFT_COMPILATION_MODE = wholemodule;
				SWIFT_OPTIMIZATION_LEVEL = "-O";
				VALIDATE_PRODUCT = YES;
			};
			name = Release;
		};
		043558672B341BD200ADD105 /* Debug */ = {
			isa = XCBuildConfiguration;
			buildSettings = {
				ASSETCATALOG_COMPILER_APPICON_NAME = AppIcon;
				ASSETCATALOG_COMPILER_GLOBAL_ACCENT_COLOR_NAME = AccentColor;
				CODE_SIGN_STYLE = Automatic;
				CURRENT_PROJECT_VERSION = 1;
				GENERATE_INFOPLIST_FILE = YES;
				INFOPLIST_FILE = "DataFetchingFromApiToTableView-3/Info.plist";
				INFOPLIST_KEY_UIApplicationSupportsIndirectInputEvents = YES;
				INFOPLIST_KEY_UILaunchStoryboardName = LaunchScreen;
				INFOPLIST_KEY_UIMainStoryboardFile = Main;
				INFOPLIST_KEY_UISupportedInterfaceOrientations_iPad = "UIInterfaceOrientationPortrait UIInterfaceOrientationPortraitUpsideDown UIInterfaceOrientationLandscapeLeft UIInterfaceOrientationLandscapeRight";
				INFOPLIST_KEY_UISupportedInterfaceOrientations_iPhone = "UIInterfaceOrientationPortrait UIInterfaceOrientationLandscapeLeft UIInterfaceOrientationLandscapeRight";
				LD_RUNPATH_SEARCH_PATHS = (
					"$(inherited)",
					"@executable_path/Frameworks",
				);
				MARKETING_VERSION = 1.0;
				PRODUCT_BUNDLE_IDENTIFIER = "in.bitcode.DataFetchingFromApiToTableView-3";
				PRODUCT_NAME = "$(TARGET_NAME)";
				SWIFT_EMIT_LOC_STRINGS = YES;
				SWIFT_VERSION = 5.0;
				TARGETED_DEVICE_FAMILY = "1,2";
			};
			name = Debug;
		};
		043558682B341BD200ADD105 /* Release */ = {
			isa = XCBuildConfiguration;
			buildSettings = {
				ASSETCATALOG_COMPILER_APPICON_NAME = AppIcon;
				ASSETCATALOG_COMPILER_GLOBAL_ACCENT_COLOR_NAME = AccentColor;
				CODE_SIGN_STYLE = Automatic;
				CURRENT_PROJECT_VERSION = 1;
				GENERATE_INFOPLIST_FILE = YES;
				INFOPLIST_FILE = "DataFetchingFromApiToTableView-3/Info.plist";
				INFOPLIST_KEY_UIApplicationSupportsIndirectInputEvents = YES;
				INFOPLIST_KEY_UILaunchStoryboardName = LaunchScreen;
				INFOPLIST_KEY_UIMainStoryboardFile = Main;
				INFOPLIST_KEY_UISupportedInterfaceOrientations_iPad = "UIInterfaceOrientationPortrait UIInterfaceOrientationPortraitUpsideDown UIInterfaceOrientationLandscapeLeft UIInterfaceOrientationLandscapeRight";
				INFOPLIST_KEY_UISupportedInterfaceOrientations_iPhone = "UIInterfaceOrientationPortrait UIInterfaceOrientationLandscapeLeft UIInterfaceOrientationLandscapeRight";
				LD_RUNPATH_SEARCH_PATHS = (
					"$(inherited)",
					"@executable_path/Frameworks",
				);
				MARKETING_VERSION = 1.0;
				PRODUCT_BUNDLE_IDENTIFIER = "in.bitcode.DataFetchingFromApiToTableView-3";
				PRODUCT_NAME = "$(TARGET_NAME)";
				SWIFT_EMIT_LOC_STRINGS = YES;
				SWIFT_VERSION = 5.0;
				TARGETED_DEVICE_FAMILY = "1,2";
			};
			name = Release;
		};
/* End XCBuildConfiguration section */

/* Begin XCConfigurationList section */
		0435584D2B341BCF00ADD105 /* Build configuration list for PBXProject "DataFetchingFromApiToTableView-3" */ = {
			isa = XCConfigurationList;
			buildConfigurations = (
				043558642B341BD200ADD105 /* Debug */,
				043558652B341BD200ADD105 /* Release */,
			);
			defaultConfigurationIsVisible = 0;
			defaultConfigurationName = Release;
		};
		043558662B341BD200ADD105 /* Build configuration list for PBXNativeTarget "DataFetchingFromApiToTableView-3" */ = {
			isa = XCConfigurationList;
			buildConfigurations = (
				043558672B341BD200ADD105 /* Debug */,
				043558682B341BD200ADD105 /* Release */,
			);
			defaultConfigurationIsVisible = 0;
			defaultConfigurationName = Release;
		};
/* End XCConfigurationList section */
	};
	rootObject = 0435584A2B341BCF00ADD105 /* Project object */;
}
